// !$*UTF8*$!
{
	archiveVersion = 1;
	classes = {
	};
	objectVersion = 46;
	objects = {

/* Begin PBXBuildFile section */
		8E8ADF3B1E77770F00D719DB /* AppDelegate.m in Sources */ = {isa = PBXBuildFile; fileRef = 8E8ADF3A1E77770F00D719DB /* AppDelegate.m */; };
		8E8ADF3E1E77770F00D719DB /* main.m in Sources */ = {isa = PBXBuildFile; fileRef = 8E8ADF3D1E77770F00D719DB /* main.m */; };
		8E8ADF401E77770F00D719DB /* Assets.xcassets in Resources */ = {isa = PBXBuildFile; fileRef = 8E8ADF3F1E77770F00D719DB /* Assets.xcassets */; };
		8E8ADF431E77770F00D719DB /* MainMenu.xib in Resources */ = {isa = PBXBuildFile; fileRef = 8E8ADF411E77770F00D719DB /* MainMenu.xib */; };
		8E8ADF4B1E77771900D719DB /* ADAL.framework in Frameworks */ = {isa = PBXBuildFile; fileRef = 8E8ADF4A1E77771900D719DB /* ADAL.framework */; };
		8E8ADF4D1E77775500D719DB /* ADAL.framework in Embed Frameworks */ = {isa = PBXBuildFile; fileRef = 8E8ADF4A1E77771900D719DB /* ADAL.framework */; settings = {ATTRIBUTES = (CodeSignOnCopy, RemoveHeadersOnCopy, ); }; };
		8E8ADF511E77777F00D719DB /* MyWC.m in Sources */ = {isa = PBXBuildFile; fileRef = 8E8ADF501E77777F00D719DB /* MyWC.m */; };
		8E8ADF581E77791E00D719DB /* Security.framework in Frameworks */ = {isa = PBXBuildFile; fileRef = 8E8ADF571E77791E00D719DB /* Security.framework */; };
		8E8ADF5A1E77793F00D719DB /* Cocoa.framework in Frameworks */ = {isa = PBXBuildFile; fileRef = 8E8ADF591E77793F00D719DB /* Cocoa.framework */; };
/* End PBXBuildFile section */

/* Begin PBXCopyFilesBuildPhase section */
		8E8ADF4E1E77775500D719DB /* Embed Frameworks */ = {
			isa = PBXCopyFilesBuildPhase;
			buildActionMask = 2147483647;
			dstPath = "";
			dstSubfolderSpec = 10;
			files = (
				8E8ADF4D1E77775500D719DB /* ADAL.framework in Embed Frameworks */,
			);
			name = "Embed Frameworks";
			runOnlyForDeploymentPostprocessing = 0;
		};
/* End PBXCopyFilesBuildPhase section */

/* Begin PBXFileReference section */
		8E8ADF361E77770F00D719DB /* Framework2.app */ = {isa = PBXFileReference; explicitFileType = wrapper.application; includeInIndex = 0; path = Framework2.app; sourceTree = BUILT_PRODUCTS_DIR; };
		8E8ADF391E77770F00D719DB /* AppDelegate.h */ = {isa = PBXFileReference; lastKnownFileType = sourcecode.c.h; path = AppDelegate.h; sourceTree = "<group>"; };
		8E8ADF3A1E77770F00D719DB /* AppDelegate.m */ = {isa = PBXFileReference; lastKnownFileType = sourcecode.c.objc; path = AppDelegate.m; sourceTree = "<group>"; };
		8E8ADF3D1E77770F00D719DB /* main.m */ = {isa = PBXFileReference; lastKnownFileType = sourcecode.c.objc; path = main.m; sourceTree = "<group>"; };
		8E8ADF3F1E77770F00D719DB /* Assets.xcassets */ = {isa = PBXFileReference; lastKnownFileType = folder.assetcatalog; path = Assets.xcassets; sourceTree = "<group>"; };
		8E8ADF421E77770F00D719DB /* Base */ = {isa = PBXFileReference; lastKnownFileType = file.xib; name = Base; path = Base.lproj/MainMenu.xib; sourceTree = "<group>"; };
		8E8ADF441E77770F00D719DB /* Info.plist */ = {isa = PBXFileReference; lastKnownFileType = text.plist.xml; path = Info.plist; sourceTree = "<group>"; };
		8E8ADF4A1E77771900D719DB /* ADAL.framework */ = {isa = PBXFileReference; lastKnownFileType = wrapper.framework; path = ADAL.framework; sourceTree = "<group>"; };
		8E8ADF4F1E77777F00D719DB /* MyWC.h */ = {isa = PBXFileReference; fileEncoding = 4; lastKnownFileType = sourcecode.c.h; path = MyWC.h; sourceTree = "<group>"; };
		8E8ADF501E77777F00D719DB /* MyWC.m */ = {isa = PBXFileReference; fileEncoding = 4; lastKnownFileType = sourcecode.c.objc; path = MyWC.m; sourceTree = "<group>"; };
		8E8ADF571E77791E00D719DB /* Security.framework */ = {isa = PBXFileReference; lastKnownFileType = wrapper.framework; name = Security.framework; path = System/Library/Frameworks/Security.framework; sourceTree = SDKROOT; };
		8E8ADF591E77793F00D719DB /* Cocoa.framework */ = {isa = PBXFileReference; lastKnownFileType = wrapper.framework; name = Cocoa.framework; path = System/Library/Frameworks/Cocoa.framework; sourceTree = SDKROOT; };
/* End PBXFileReference section */

/* Begin PBXFrameworksBuildPhase section */
		8E8ADF331E77770E00D719DB /* Frameworks */ = {
			isa = PBXFrameworksBuildPhase;
			buildActionMask = 2147483647;
			files = (
				8E8ADF5A1E77793F00D719DB /* Cocoa.framework in Frameworks */,
				8E8ADF581E77791E00D719DB /* Security.framework in Frameworks */,
				8E8ADF4B1E77771900D719DB /* ADAL.framework in Frameworks */,
			);
			runOnlyForDeploymentPostprocessing = 0;
		};
/* End PBXFrameworksBuildPhase section */

/* Begin PBXGroup section */
		8E8ADF2D1E77770E00D719DB = {
			isa = PBXGroup;
			children = (
				8E8ADF4A1E77771900D719DB /* ADAL.framework */,
				8E8ADF381E77770F00D719DB /* Framework2 */,
				8E8ADF371E77770F00D719DB /* Products */,
				8E8ADF561E77791E00D719DB /* Frameworks */,
			);
			sourceTree = "<group>";
		};
		8E8ADF371E77770F00D719DB /* Products */ = {
			isa = PBXGroup;
			children = (
				8E8ADF361E77770F00D719DB /* Framework2.app */,
			);
			name = Products;
			sourceTree = "<group>";
		};
		8E8ADF381E77770F00D719DB /* Framework2 */ = {
			isa = PBXGroup;
			children = (
				8E8ADF391E77770F00D719DB /* AppDelegate.h */,
				8E8ADF3A1E77770F00D719DB /* AppDelegate.m */,
				8E8ADF4F1E77777F00D719DB /* MyWC.h */,
				8E8ADF501E77777F00D719DB /* MyWC.m */,
				8E8ADF3F1E77770F00D719DB /* Assets.xcassets */,
				8E8ADF411E77770F00D719DB /* MainMenu.xib */,
				8E8ADF441E77770F00D719DB /* Info.plist */,
				8E8ADF3C1E77770F00D719DB /* Supporting Files */,
			);
			path = Framework2;
			sourceTree = "<group>";
		};
		8E8ADF3C1E77770F00D719DB /* Supporting Files */ = {
			isa = PBXGroup;
			children = (
				8E8ADF3D1E77770F00D719DB /* main.m */,
			);
			name = "Supporting Files";
			sourceTree = "<group>";
		};
		8E8ADF561E77791E00D719DB /* Frameworks */ = {
			isa = PBXGroup;
			children = (
				8E8ADF591E77793F00D719DB /* Cocoa.framework */,
				8E8ADF571E77791E00D719DB /* Security.framework */,
			);
			name = Frameworks;
			sourceTree = "<group>";
		};
/* End PBXGroup section */

/* Begin PBXNativeTarget section */
		8E8ADF351E77770E00D719DB /* Framework2 */ = {
			isa = PBXNativeTarget;
			buildConfigurationList = 8E8ADF471E77770F00D719DB /* Build configuration list for PBXNativeTarget "Framework2" */;
			buildPhases = (
				8E8ADF321E77770E00D719DB /* Sources */,
				8E8ADF331E77770E00D719DB /* Frameworks */,
				8E8ADF341E77770E00D719DB /* Resources */,
				8E8ADF4E1E77775500D719DB /* Embed Frameworks */,
			);
			buildRules = (
			);
			dependencies = (
			);
			name = Framework2;
			productName = Framework2;
			productReference = 8E8ADF361E77770F00D719DB /* Framework2.app */;
			productType = "com.apple.product-type.application";
		};
/* End PBXNativeTarget section */

/* Begin PBXProject section */
		8E8ADF2E1E77770E00D719DB /* Project object */ = {
			isa = PBXProject;
			attributes = {
				LastUpgradeCheck = 0820;
				ORGANIZATIONNAME = "Jim Jin [STAFF]";
				TargetAttributes = {
					8E8ADF351E77770E00D719DB = {
						CreatedOnToolsVersion = 8.2.1;
						ProvisioningStyle = Automatic;
					};
				};
			};
			buildConfigurationList = 8E8ADF311E77770E00D719DB /* Build configuration list for PBXProject "Framework2" */;
			compatibilityVersion = "Xcode 3.2";
			developmentRegion = English;
			hasScannedForEncodings = 0;
			knownRegions = (
				en,
				Base,
			);
			mainGroup = 8E8ADF2D1E77770E00D719DB;
			productRefGroup = 8E8ADF371E77770F00D719DB /* Products */;
			projectDirPath = "";
			projectRoot = "";
			targets = (
				8E8ADF351E77770E00D719DB /* Framework2 */,
			);
		};
/* End PBXProject section */

/* Begin PBXResourcesBuildPhase section */
		8E8ADF341E77770E00D719DB /* Resources */ = {
			isa = PBXResourcesBuildPhase;
			buildActionMask = 2147483647;
			files = (
				8E8ADF401E77770F00D719DB /* Assets.xcassets in Resources */,
				8E8ADF431E77770F00D719DB /* MainMenu.xib in Resources */,
			);
			runOnlyForDeploymentPostprocessing = 0;
		};
/* End PBXResourcesBuildPhase section */

/* Begin PBXSourcesBuildPhase section */
		8E8ADF321E77770E00D719DB /* Sources */ = {
			isa = PBXSourcesBuildPhase;
			buildActionMask = 2147483647;
			files = (
				8E8ADF511E77777F00D719DB /* MyWC.m in Sources */,
				8E8ADF3E1E77770F00D719DB /* main.m in Sources */,
				8E8ADF3B1E77770F00D719DB /* AppDelegate.m in Sources */,
			);
			runOnlyForDeploymentPostprocessing = 0;
		};
/* End PBXSourcesBuildPhase section */

/* Begin PBXVariantGroup section */
		8E8ADF411E77770F00D719DB /* MainMenu.xib */ = {
			isa = PBXVariantGroup;
			children = (
				8E8ADF421E77770F00D719DB /* Base */,
			);
			name = MainMenu.xib;
			sourceTree = "<group>";
		};
/* End PBXVariantGroup section */

/* Begin XCBuildConfiguration section */
		8E8ADF451E77770F00D719DB /* Debug */ = {
			isa = XCBuildConfiguration;
			buildSettings = {
				ALWAYS_SEARCH_USER_PATHS = NO;
				CLANG_ANALYZER_NONNULL = YES;
				CLANG_CXX_LANGUAGE_STANDARD = "gnu++0x";
				CLANG_CXX_LIBRARY = "libc++";
				CLANG_ENABLE_MODULES = YES;
				CLANG_ENABLE_OBJC_ARC = YES;
				CLANG_WARN_BOOL_CONVERSION = YES;
				CLANG_WARN_CONSTANT_CONVERSION = YES;
				CLANG_WARN_DIRECT_OBJC_ISA_USAGE = YES_ERROR;
				CLANG_WARN_DOCUMENTATION_COMMENTS = YES;
				CLANG_WARN_EMPTY_BODY = YES;
				CLANG_WARN_ENUM_CONVERSION = YES;
				CLANG_WARN_INFINITE_RECURSION = YES;
				CLANG_WARN_INT_CONVERSION = YES;
				CLANG_WARN_OBJC_ROOT_CLASS = YES_ERROR;
				CLANG_WARN_SUSPICIOUS_MOVE = YES;
				CLANG_WARN_UNREACHABLE_CODE = YES;
				CLANG_WARN__DUPLICATE_METHOD_MATCH = YES;
				CODE_SIGN_IDENTITY = "-";
				COPY_PHASE_STRIP = NO;
				DEBUG_INFORMATION_FORMAT = dwarf;
				ENABLE_STRICT_OBJC_MSGSEND = YES;
				ENABLE_TESTABILITY = YES;
				GCC_C_LANGUAGE_STANDARD = gnu99;
				GCC_DYNAMIC_NO_PIC = NO;
				GCC_NO_COMMON_BLOCKS = YES;
				GCC_OPTIMIZATION_LEVEL = 0;
				GCC_PREPROCESSOR_DEFINITIONS = (
					"DEBUG=1",
					"$(inherited)",
				);
				GCC_WARN_64_TO_32_BIT_CONVERSION = YES;
				GCC_WARN_ABOUT_RETURN_TYPE = YES_ERROR;
				GCC_WARN_UNDECLARED_SELECTOR = YES;
				GCC_WARN_UNINITIALIZED_AUTOS = YES_AGGRESSIVE;
				GCC_WARN_UNUSED_FUNCTION = YES;
				GCC_WARN_UNUSED_VARIABLE = YES;
				MACOSX_DEPLOYMENT_TARGET = 10.12;
				MTL_ENABLE_DEBUG_INFO = YES;
				ONLY_ACTIVE_ARCH = YES;
				SDKROOT = macosx;
			};
			name = Debug;
		};
		8E8ADF461E77770F00D719DB /* Release */ = {
			isa = XCBuildConfiguration;
			buildSettings = {
				ALWAYS_SEARCH_USER_PATHS = NO;
				CLANG_ANALYZER_NONNULL = YES;
				CLANG_CXX_LANGUAGE_STANDARD = "gnu++0x";
				CLANG_CXX_LIBRARY = "libc++";
				CLANG_ENABLE_MODULES = YES;
				CLANG_ENABLE_OBJC_ARC = YES;
				CLANG_WARN_BOOL_CONVERSION = YES;
				CLANG_WARN_CONSTANT_CONVERSION = YES;
				CLANG_WARN_DIRECT_OBJC_ISA_USAGE = YES_ERROR;
				CLANG_WARN_DOCUMENTATION_COMMENTS = YES;
				CLANG_WARN_EMPTY_BODY = YES;
				CLANG_WARN_ENUM_CONVERSION = YES;
				CLANG_WARN_INFINITE_RECURSION = YES;
				CLANG_WARN_INT_CONVERSION = YES;
				CLANG_WARN_OBJC_ROOT_CLASS = YES_ERROR;
				CLANG_WARN_SUSPICIOUS_MOVE = YES;
				CLANG_WARN_UNREACHABLE_CODE = YES;
				CLANG_WARN__DUPLICATE_METHOD_MATCH = YES;
				CODE_SIGN_IDENTITY = "-";
				COPY_PHASE_STRIP = NO;
				DEBUG_INFORMATION_FORMAT = "dwarf-with-dsym";
				ENABLE_NS_ASSERTIONS = NO;
				ENABLE_STRICT_OBJC_MSGSEND = YES;
				GCC_C_LANGUAGE_STANDARD = gnu99;
				GCC_NO_COMMON_BLOCKS = YES;
				GCC_WARN_64_TO_32_BIT_CONVERSION = YES;
				GCC_WARN_ABOUT_RETURN_TYPE = YES_ERROR;
				GCC_WARN_UNDECLARED_SELECTOR = YES;
				GCC_WARN_UNINITIALIZED_AUTOS = YES_AGGRESSIVE;
				GCC_WARN_UNUSED_FUNCTION = YES;
				GCC_WARN_UNUSED_VARIABLE = YES;
				MACOSX_DEPLOYMENT_TARGET = 10.12;
				MTL_ENABLE_DEBUG_INFO = NO;
				SDKROOT = macosx;
			};
			name = Release;
		};
		8E8ADF481E77770F00D719DB /* Debug */ = {
			isa = XCBuildConfiguration;
			buildSettings = {
				ASSETCATALOG_COMPILER_APPICON_NAME = AppIcon;
				COMBINE_HIDPI_IMAGES = YES;
				FRAMEWORK_SEARCH_PATHS = (
					"$(inherited)",
					"$(PROJECT_DIR)",
				);
				INFOPLIST_FILE = Framework2/Info.plist;
				LD_RUNPATH_SEARCH_PATHS = "$(inherited) @executable_path/../Frameworks";
				PRODUCT_BUNDLE_IDENTIFIER = ISB.Framework2;
				PRODUCT_NAME = "$(TARGET_NAME)";
			};
			name = Debug;
		};
		8E8ADF491E77770F00D719DB /* Release */ = {
			isa = XCBuildConfiguration;
			buildSettings = {
				ASSETCATALOG_COMPILER_APPICON_NAME = AppIcon;
				COMBINE_HIDPI_IMAGES = YES;
				FRAMEWORK_SEARCH_PATHS = (
					"$(inherited)",
					"$(PROJECT_DIR)",
				);
				INFOPLIST_FILE = Framework2/Info.plist;
				LD_RUNPATH_SEARCH_PATHS = "$(inherited) @executable_path/../Frameworks";
				PRODUCT_BUNDLE_IDENTIFIER = ISB.Framework2;
				PRODUCT_NAME = "$(TARGET_NAME)";
			};
			name = Release;
		};
/* End XCBuildConfiguration section */

/* Begin XCConfigurationList section */
		8E8ADF311E77770E00D719DB /* Build configuration list for PBXProject "Framework2" */ = {
			isa = XCConfigurationList;
			buildConfigurations = (
				8E8ADF451E77770F00D719DB /* Debug */,
				8E8ADF461E77770F00D719DB /* Release */,
			);
			defaultConfigurationIsVisible = 0;
			defaultConfigurationName = Release;
		};
		8E8ADF471E77770F00D719DB /* Build configuration list for PBXNativeTarget "Framework2" */ = {
			isa = XCConfigurationList;
			buildConfigurations = (
				8E8ADF481E77770F00D719DB /* Debug */,
				8E8ADF491E77770F00D719DB /* Release */,
			);
			defaultConfigurationIsVisible = 0;
		};
/* End XCConfigurationList section */
	};
	rootObject = 8E8ADF2E1E77770E00D719DB /* Project object */;
}
